
Microsoft Visual Studio Solution File, Format Version 12.00
# Visual Studio Version 17
VisualStudioVersion = 17.4.33122.133
MinimumVisualStudioVersion = 10.0.40219.1
Project("{FAE04EC0-301F-11D3-BF4B-00C04F79EFBC}") = "SuperHeroAPI", "SuperHeroAPI\SuperHeroAPI.csproj", "{BD02421A-3276-45BC-8A06-458ECFA4ABD2}"
EndProject
Global
	GlobalSection(SolutionConfigurationPlatforms) = preSolution
		Debug|Any CPU = Debug|Any CPU
		Release|Any CPU = Release|Any CPU
	EndGlobalSection
	GlobalSection(ProjectConfigurationPlatforms) = postSolution
		{BD02421A-3276-45BC-8A06-458ECFA4ABD2}.Debug|Any CPU.ActiveCfg = Debug|Any CPU
		{BD02421A-3276-45BC-8A06-458ECFA4ABD2}.Debug|Any CPU.Build.0 = Debug|Any CPU
		{BD02421A-3276-45BC-8A06-458ECFA4ABD2}.Release|Any CPU.ActiveCfg = Release|Any CPU
		{BD02421A-3276-45BC-8A06-458ECFA4ABD2}.Release|Any CPU.Build.0 = Release|Any CPU
	EndGlobalSection
	GlobalSection(SolutionProperties) = preSolution
		HideSolutionNode = FALSE
	EndGlobalSection
	GlobalSection(ExtensibilityGlobals) = postSolution
		SolutionGuid = {269E5C33-6BAC-47A8-81BE-B510D375C7EC}
	EndGlobalSection
EndGlobal
